{
  "name": "vs3-neo",
  "version": "1.0.0",
  "lockfileVersion": 3,
  "requires": true,
  "packages": {
    "": {
      "name": "vs3-neo",
      "version": "1.0.0",
      "license": "Apache-2.0",
      "bin": {
        "vs3-neo": "bin/vs3-neo.js"
      },
      "engines": {
        "node": ">=18"
      }
    }
  }
}
